
Microsoft Visual Studio Solution File, Format Version 12.00
# Visual Studio Version 17
VisualStudioVersion = 17.7.34003.232
MinimumVisualStudioVersion = 10.0.40219.1
Project("{8BC9CEB8-8B4A-11D0-8D11-00A0C91BC942}") = "BOJ_10163", "BOJ_10163\BOJ_10163.vcxproj", "{E84AA204-8584-4A63-99A7-57BC56EF0A7A}"
EndProject
Global
	GlobalSection(SolutionConfigurationPlatforms) = preSolution
		Debug|x64 = Debug|x64
		Release|x64 = Release|x64
	EndGlobalSection
	GlobalSection(ProjectConfigurationPlatforms) = postSolution
		{E84AA204-8584-4A63-99A7-57BC56EF0A7A}.Debug|x64.ActiveCfg = Debug|x64
		{E84AA204-8584-4A63-99A7-57BC56EF0A7A}.Debug|x64.Build.0 = Debug|x64
		{E84AA204-8584-4A63-99A7-57BC56EF0A7A}.Release|x64.ActiveCfg = Release|x64
		{E84AA204-8584-4A63-99A7-57BC56EF0A7A}.Release|x64.Build.0 = Release|x64
	EndGlobalSection
	GlobalSection(SolutionProperties) = preSolution
		HideSolutionNode = FALSE
	EndGlobalSection
	GlobalSection(ExtensibilityGlobals) = postSolution
		SolutionGuid = {5EE94631-7F81-46A6-BE05-F185DC2FA390}
	EndGlobalSection
EndGlobal
